// !$*UTF8*$!
{
	archiveVersion = 1;
	classes = {
	};
	objectVersion = 55;
	objects = {

/* Begin PBXBuildFile section */
		28C95230EC6832B50DC77E92 /* Pods_Flix_FlixUITests.framework in Frameworks */ = {isa = PBXBuildFile; fileRef = 31453C284B8146AEE2790A8F /* Pods_Flix_FlixUITests.framework */; };
		47D94F9D2C480D5B7DECB0ED /* Pods_FlixTests.framework in Frameworks */ = {isa = PBXBuildFile; fileRef = 68EF54DAC64D78869426F49D /* Pods_FlixTests.framework */; };
		4CA3B33529E7288B8198D1B1 /* Pods_Flix.framework in Frameworks */ = {isa = PBXBuildFile; fileRef = 1086F3B17DE8FC8AFDAC503D /* Pods_Flix.framework */; };
		520CB25228CED0C9009FEE3E /* MovieTableViewCell.swift in Sources */ = {isa = PBXBuildFile; fileRef = 520CB25128CED0C9009FEE3E /* MovieTableViewCell.swift */; };
		526A8E5A28CE851800FD36D3 /* AppDelegate.swift in Sources */ = {isa = PBXBuildFile; fileRef = 526A8E5928CE851800FD36D3 /* AppDelegate.swift */; };
		526A8E5C28CE851800FD36D3 /* SceneDelegate.swift in Sources */ = {isa = PBXBuildFile; fileRef = 526A8E5B28CE851800FD36D3 /* SceneDelegate.swift */; };
		526A8E5E28CE851800FD36D3 /* ViewController.swift in Sources */ = {isa = PBXBuildFile; fileRef = 526A8E5D28CE851800FD36D3 /* ViewController.swift */; };
		526A8E6128CE851800FD36D3 /* Main.storyboard in Resources */ = {isa = PBXBuildFile; fileRef = 526A8E5F28CE851800FD36D3 /* Main.storyboard */; };
		526A8E6328CE851900FD36D3 /* Assets.xcassets in Resources */ = {isa = PBXBuildFile; fileRef = 526A8E6228CE851900FD36D3 /* Assets.xcassets */; };
		526A8E6628CE851900FD36D3 /* LaunchScreen.storyboard in Resources */ = {isa = PBXBuildFile; fileRef = 526A8E6428CE851900FD36D3 /* LaunchScreen.storyboard */; };
		526A8E7128CE851900FD36D3 /* FlixTests.swift in Sources */ = {isa = PBXBuildFile; fileRef = 526A8E7028CE851900FD36D3 /* FlixTests.swift */; };
		526A8E7B28CE851900FD36D3 /* FlixUITests.swift in Sources */ = {isa = PBXBuildFile; fileRef = 526A8E7A28CE851900FD36D3 /* FlixUITests.swift */; };
		526A8E7D28CE851900FD36D3 /* FlixUITestsLaunchTests.swift in Sources */ = {isa = PBXBuildFile; fileRef = 526A8E7C28CE851900FD36D3 /* FlixUITestsLaunchTests.swift */; };
		526A8E8D28CEB99E00FD36D3 /* API.swift in Sources */ = {isa = PBXBuildFile; fileRef = 526A8E8C28CEB99E00FD36D3 /* API.swift */; };
		52D7DBC628D74A2A00EA3B7F /* MovieDetailsViewController.swift in Sources */ = {isa = PBXBuildFile; fileRef = 52D7DBC528D74A2A00EA3B7F /* MovieDetailsViewController.swift */; };
		52D7DBC928D75B5400EA3B7F /* Movie.swift in Sources */ = {isa = PBXBuildFile; fileRef = 52D7DBC828D75B5400EA3B7F /* Movie.swift */; };
		52D7DBCB28DAAFFF00EA3B7F /* MovieGridViewController.swift in Sources */ = {isa = PBXBuildFile; fileRef = 52D7DBCA28DAAFFF00EA3B7F /* MovieGridViewController.swift */; };
		52D7DBCD28DAB6AA00EA3B7F /* MovieGridCell.swift in Sources */ = {isa = PBXBuildFile; fileRef = 52D7DBCC28DAB6AA00EA3B7F /* MovieGridCell.swift */; };
		52D7DBCF28DC00C700EA3B7F /* MovieGridDetailViewController.swift in Sources */ = {isa = PBXBuildFile; fileRef = 52D7DBCE28DC00C700EA3B7F /* MovieGridDetailViewController.swift */; };
		52D7DBD528DE91DE00EA3B7F /* MovieTrailerViewController.swift in Sources */ = {isa = PBXBuildFile; fileRef = 52D7DBD428DE91DE00EA3B7F /* MovieTrailerViewController.swift */; };
/* End PBXBuildFile section */

/* Begin PBXContainerItemProxy section */
		526A8E6D28CE851900FD36D3 /* PBXContainerItemProxy */ = {
			isa = PBXContainerItemProxy;
			containerPortal = 526A8E4E28CE851800FD36D3 /* Project object */;
			proxyType = 1;
			remoteGlobalIDString = 526A8E5528CE851800FD36D3;
			remoteInfo = Flix;
		};
		526A8E7728CE851900FD36D3 /* PBXContainerItemProxy */ = {
			isa = PBXContainerItemProxy;
			containerPortal = 526A8E4E28CE851800FD36D3 /* Project object */;
			proxyType = 1;
			remoteGlobalIDString = 526A8E5528CE851800FD36D3;
			remoteInfo = Flix;
		};
/* End PBXContainerItemProxy section */

/* Begin PBXFileReference section */
		0F803592662A5E2020B13BB8 /* Pods-Flix-FlixUITests.release.xcconfig */ = {isa = PBXFileReference; includeInIndex = 1; lastKnownFileType = text.xcconfig; name = "Pods-Flix-FlixUITests.release.xcconfig"; path = "Target Support Files/Pods-Flix-FlixUITests/Pods-Flix-FlixUITests.release.xcconfig"; sourceTree = "<group>"; };
		10784195ECF076E4DB5220F9 /* Pods-Flix.release.xcconfig */ = {isa = PBXFileReference; includeInIndex = 1; lastKnownFileType = text.xcconfig; name = "Pods-Flix.release.xcconfig"; path = "Target Support Files/Pods-Flix/Pods-Flix.release.xcconfig"; sourceTree = "<group>"; };
		1086F3B17DE8FC8AFDAC503D /* Pods_Flix.framework */ = {isa = PBXFileReference; explicitFileType = wrapper.framework; includeInIndex = 0; path = Pods_Flix.framework; sourceTree = BUILT_PRODUCTS_DIR; };
		31453C284B8146AEE2790A8F /* Pods_Flix_FlixUITests.framework */ = {isa = PBXFileReference; explicitFileType = wrapper.framework; includeInIndex = 0; path = Pods_Flix_FlixUITests.framework; sourceTree = BUILT_PRODUCTS_DIR; };
		520CB25128CED0C9009FEE3E /* MovieTableViewCell.swift */ = {isa = PBXFileReference; lastKnownFileType = sourcecode.swift; path = MovieTableViewCell.swift; sourceTree = "<group>"; };
		526A8E5628CE851800FD36D3 /* Flix.app */ = {isa = PBXFileReference; explicitFileType = wrapper.application; includeInIndex = 0; path = Flix.app; sourceTree = BUILT_PRODUCTS_DIR; };
		526A8E5928CE851800FD36D3 /* AppDelegate.swift */ = {isa = PBXFileReference; lastKnownFileType = sourcecode.swift; path = AppDelegate.swift; sourceTree = "<group>"; };
		526A8E5B28CE851800FD36D3 /* SceneDelegate.swift */ = {isa = PBXFileReference; lastKnownFileType = sourcecode.swift; path = SceneDelegate.swift; sourceTree = "<group>"; };
		526A8E5D28CE851800FD36D3 /* ViewController.swift */ = {isa = PBXFileReference; lastKnownFileType = sourcecode.swift; path = ViewController.swift; sourceTree = "<group>"; };
		526A8E6028CE851800FD36D3 /* Base */ = {isa = PBXFileReference; lastKnownFileType = file.storyboard; name = Base; path = Base.lproj/Main.storyboard; sourceTree = "<group>"; };
		526A8E6228CE851900FD36D3 /* Assets.xcassets */ = {isa = PBXFileReference; lastKnownFileType = folder.assetcatalog; path = Assets.xcassets; sourceTree = "<group>"; };
		526A8E6528CE851900FD36D3 /* Base */ = {isa = PBXFileReference; lastKnownFileType = file.storyboard; name = Base; path = Base.lproj/LaunchScreen.storyboard; sourceTree = "<group>"; };
		526A8E6728CE851900FD36D3 /* Info.plist */ = {isa = PBXFileReference; lastKnownFileType = text.plist.xml; path = Info.plist; sourceTree = "<group>"; };
		526A8E6C28CE851900FD36D3 /* FlixTests.xctest */ = {isa = PBXFileReference; explicitFileType = wrapper.cfbundle; includeInIndex = 0; path = FlixTests.xctest; sourceTree = BUILT_PRODUCTS_DIR; };
		526A8E7028CE851900FD36D3 /* FlixTests.swift */ = {isa = PBXFileReference; lastKnownFileType = sourcecode.swift; path = FlixTests.swift; sourceTree = "<group>"; };
		526A8E7628CE851900FD36D3 /* FlixUITests.xctest */ = {isa = PBXFileReference; explicitFileType = wrapper.cfbundle; includeInIndex = 0; path = FlixUITests.xctest; sourceTree = BUILT_PRODUCTS_DIR; };
		526A8E7A28CE851900FD36D3 /* FlixUITests.swift */ = {isa = PBXFileReference; lastKnownFileType = sourcecode.swift; path = FlixUITests.swift; sourceTree = "<group>"; };
		526A8E7C28CE851900FD36D3 /* FlixUITestsLaunchTests.swift */ = {isa = PBXFileReference; lastKnownFileType = sourcecode.swift; path = FlixUITestsLaunchTests.swift; sourceTree = "<group>"; };
		526A8E8C28CEB99E00FD36D3 /* API.swift */ = {isa = PBXFileReference; lastKnownFileType = sourcecode.swift; path = API.swift; sourceTree = "<group>"; };
		52D7DBC528D74A2A00EA3B7F /* MovieDetailsViewController.swift */ = {isa = PBXFileReference; lastKnownFileType = sourcecode.swift; path = MovieDetailsViewController.swift; sourceTree = "<group>"; };
		52D7DBC828D75B5400EA3B7F /* Movie.swift */ = {isa = PBXFileReference; lastKnownFileType = sourcecode.swift; path = Movie.swift; sourceTree = "<group>"; };
		52D7DBCA28DAAFFF00EA3B7F /* MovieGridViewController.swift */ = {isa = PBXFileReference; lastKnownFileType = sourcecode.swift; path = MovieGridViewController.swift; sourceTree = "<group>"; wrapsLines = 1; };
		52D7DBCC28DAB6AA00EA3B7F /* MovieGridCell.swift */ = {isa = PBXFileReference; lastKnownFileType = sourcecode.swift; path = MovieGridCell.swift; sourceTree = "<group>"; };
		52D7DBCE28DC00C700EA3B7F /* MovieGridDetailViewController.swift */ = {isa = PBXFileReference; lastKnownFileType = sourcecode.swift; path = MovieGridDetailViewController.swift; sourceTree = "<group>"; };
		52D7DBD428DE91DE00EA3B7F /* MovieTrailerViewController.swift */ = {isa = PBXFileReference; lastKnownFileType = sourcecode.swift; path = MovieTrailerViewController.swift; sourceTree = "<group>"; };
		68EF54DAC64D78869426F49D /* Pods_FlixTests.framework */ = {isa = PBXFileReference; explicitFileType = wrapper.framework; includeInIndex = 0; path = Pods_FlixTests.framework; sourceTree = BUILT_PRODUCTS_DIR; };
		897DF85264394EABF57F0F32 /* Pods-Flix-FlixUITests.debug.xcconfig */ = {isa = PBXFileReference; includeInIndex = 1; lastKnownFileType = text.xcconfig; name = "Pods-Flix-FlixUITests.debug.xcconfig"; path = "Target Support Files/Pods-Flix-FlixUITests/Pods-Flix-FlixUITests.debug.xcconfig"; sourceTree = "<group>"; };
		9549570A8063B0A6F7117717 /* Pods-Flix.debug.xcconfig */ = {isa = PBXFileReference; includeInIndex = 1; lastKnownFileType = text.xcconfig; name = "Pods-Flix.debug.xcconfig"; path = "Target Support Files/Pods-Flix/Pods-Flix.debug.xcconfig"; sourceTree = "<group>"; };
		C223B9F2A10A906989E55672 /* Pods-FlixTests.debug.xcconfig */ = {isa = PBXFileReference; includeInIndex = 1; lastKnownFileType = text.xcconfig; name = "Pods-FlixTests.debug.xcconfig"; path = "Target Support Files/Pods-FlixTests/Pods-FlixTests.debug.xcconfig"; sourceTree = "<group>"; };
		E6F723CEAE44712940289F4B /* Pods-FlixTests.release.xcconfig */ = {isa = PBXFileReference; includeInIndex = 1; lastKnownFileType = text.xcconfig; name = "Pods-FlixTests.release.xcconfig"; path = "Target Support Files/Pods-FlixTests/Pods-FlixTests.release.xcconfig"; sourceTree = "<group>"; };
/* End PBXFileReference section */

/* Begin PBXFrameworksBuildPhase section */
		526A8E5328CE851800FD36D3 /* Frameworks */ = {
			isa = PBXFrameworksBuildPhase;
			buildActionMask = 2147483647;
			files = (
				4CA3B33529E7288B8198D1B1 /* Pods_Flix.framework in Frameworks */,
			);
			runOnlyForDeploymentPostprocessing = 0;
		};
		526A8E6928CE851900FD36D3 /* Frameworks */ = {
			isa = PBXFrameworksBuildPhase;
			buildActionMask = 2147483647;
			files = (
				47D94F9D2C480D5B7DECB0ED /* Pods_FlixTests.framework in Frameworks */,
			);
			runOnlyForDeploymentPostprocessing = 0;
		};
		526A8E7328CE851900FD36D3 /* Frameworks */ = {
			isa = PBXFrameworksBuildPhase;
			buildActionMask = 2147483647;
			files = (
				28C95230EC6832B50DC77E92 /* Pods_Flix_FlixUITests.framework in Frameworks */,
			);
			runOnlyForDeploymentPostprocessing = 0;
		};
/* End PBXFrameworksBuildPhase section */

/* Begin PBXGroup section */
		2C9D82ED976A93BED15D83A0 /* Frameworks */ = {
			isa = PBXGroup;
			children = (
				1086F3B17DE8FC8AFDAC503D /* Pods_Flix.framework */,
				31453C284B8146AEE2790A8F /* Pods_Flix_FlixUITests.framework */,
				68EF54DAC64D78869426F49D /* Pods_FlixTests.framework */,
			);
			name = Frameworks;
			sourceTree = "<group>";
		};
		526A8E4D28CE851700FD36D3 = {
			isa = PBXGroup;
			children = (
				526A8E5828CE851800FD36D3 /* Flix */,
				526A8E6F28CE851900FD36D3 /* FlixTests */,
				526A8E7928CE851900FD36D3 /* FlixUITests */,
				526A8E5728CE851800FD36D3 /* Products */,
				9719DB9AE3EAF24ECFD365B0 /* Pods */,
				2C9D82ED976A93BED15D83A0 /* Frameworks */,
			);
			sourceTree = "<group>";
		};
		526A8E5728CE851800FD36D3 /* Products */ = {
			isa = PBXGroup;
			children = (
				526A8E5628CE851800FD36D3 /* Flix.app */,
				526A8E6C28CE851900FD36D3 /* FlixTests.xctest */,
				526A8E7628CE851900FD36D3 /* FlixUITests.xctest */,
			);
			name = Products;
			sourceTree = "<group>";
		};
		526A8E5828CE851800FD36D3 /* Flix */ = {
			isa = PBXGroup;
			children = (
				526A8E5928CE851800FD36D3 /* AppDelegate.swift */,
				526A8E5B28CE851800FD36D3 /* SceneDelegate.swift */,
				526A8E6228CE851900FD36D3 /* Assets.xcassets */,
				526A8E6728CE851900FD36D3 /* Info.plist */,
				52D7DBC728D75B3E00EA3B7F /* Models */,
				52D7DBC428D73B3300EA3B7F /* Cell */,
				52D7DBC328D73B0E00EA3B7F /* Storyboard */,
				52D7DBC228D73AF900EA3B7F /* View Controller */,
				526A8E8B28CEB96C00FD36D3 /* Network */,
			);
			path = Flix;
			sourceTree = "<group>";
		};
		526A8E6F28CE851900FD36D3 /* FlixTests */ = {
			isa = PBXGroup;
			children = (
				526A8E7028CE851900FD36D3 /* FlixTests.swift */,
			);
			path = FlixTests;
			sourceTree = "<group>";
		};
		526A8E7928CE851900FD36D3 /* FlixUITests */ = {
			isa = PBXGroup;
			children = (
				526A8E7A28CE851900FD36D3 /* FlixUITests.swift */,
				526A8E7C28CE851900FD36D3 /* FlixUITestsLaunchTests.swift */,
			);
			path = FlixUITests;
			sourceTree = "<group>";
		};
		526A8E8B28CEB96C00FD36D3 /* Network */ = {
			isa = PBXGroup;
			children = (
				526A8E8C28CEB99E00FD36D3 /* API.swift */,
			);
			path = Network;
			sourceTree = "<group>";
		};
		52D7DBC228D73AF900EA3B7F /* View Controller */ = {
			isa = PBXGroup;
			children = (
				526A8E5D28CE851800FD36D3 /* ViewController.swift */,
				52D7DBC528D74A2A00EA3B7F /* MovieDetailsViewController.swift */,
				52D7DBCA28DAAFFF00EA3B7F /* MovieGridViewController.swift */,
				52D7DBCE28DC00C700EA3B7F /* MovieGridDetailViewController.swift */,
				52D7DBD428DE91DE00EA3B7F /* MovieTrailerViewController.swift */,
			);
			path = "View Controller";
			sourceTree = "<group>";
		};
		52D7DBC328D73B0E00EA3B7F /* Storyboard */ = {
			isa = PBXGroup;
			children = (
				526A8E5F28CE851800FD36D3 /* Main.storyboard */,
				526A8E6428CE851900FD36D3 /* LaunchScreen.storyboard */,
			);
			path = Storyboard;
			sourceTree = "<group>";
		};
		52D7DBC428D73B3300EA3B7F /* Cell */ = {
			isa = PBXGroup;
			children = (
				520CB25128CED0C9009FEE3E /* MovieTableViewCell.swift */,
				52D7DBCC28DAB6AA00EA3B7F /* MovieGridCell.swift */,
			);
			path = Cell;
			sourceTree = "<group>";
		};
		52D7DBC728D75B3E00EA3B7F /* Models */ = {
			isa = PBXGroup;
			children = (
				52D7DBC828D75B5400EA3B7F /* Movie.swift */,
			);
			path = Models;
			sourceTree = "<group>";
		};
		9719DB9AE3EAF24ECFD365B0 /* Pods */ = {
			isa = PBXGroup;
			children = (
				9549570A8063B0A6F7117717 /* Pods-Flix.debug.xcconfig */,
				10784195ECF076E4DB5220F9 /* Pods-Flix.release.xcconfig */,
				897DF85264394EABF57F0F32 /* Pods-Flix-FlixUITests.debug.xcconfig */,
				0F803592662A5E2020B13BB8 /* Pods-Flix-FlixUITests.release.xcconfig */,
				C223B9F2A10A906989E55672 /* Pods-FlixTests.debug.xcconfig */,
				E6F723CEAE44712940289F4B /* Pods-FlixTests.release.xcconfig */,
			);
			path = Pods;
			sourceTree = "<group>";
		};
/* End PBXGroup section */

/* Begin PBXNativeTarget section */
		526A8E5528CE851800FD36D3 /* Flix */ = {
			isa = PBXNativeTarget;
			buildConfigurationList = 526A8E8028CE851900FD36D3 /* Build configuration list for PBXNativeTarget "Flix" */;
			buildPhases = (
				EB5EE13BFE033B9525A2FE28 /* [CP] Check Pods Manifest.lock */,
				526A8E5228CE851800FD36D3 /* Sources */,
				526A8E5328CE851800FD36D3 /* Frameworks */,
				526A8E5428CE851800FD36D3 /* Resources */,
				0930430C6ED8CFC81CE7AD91 /* [CP] Embed Pods Frameworks */,
			);
			buildRules = (
			);
			dependencies = (
			);
			name = Flix;
			productName = Flix;
			productReference = 526A8E5628CE851800FD36D3 /* Flix.app */;
			productType = "com.apple.product-type.application";
		};
		526A8E6B28CE851900FD36D3 /* FlixTests */ = {
			isa = PBXNativeTarget;
			buildConfigurationList = 526A8E8328CE851900FD36D3 /* Build configuration list for PBXNativeTarget "FlixTests" */;
			buildPhases = (
				C49CBBF3CE7D45A1D53F54E6 /* [CP] Check Pods Manifest.lock */,
				526A8E6828CE851900FD36D3 /* Sources */,
				526A8E6928CE851900FD36D3 /* Frameworks */,
				526A8E6A28CE851900FD36D3 /* Resources */,
			);
			buildRules = (
			);
			dependencies = (
				526A8E6E28CE851900FD36D3 /* PBXTargetDependency */,
			);
			name = FlixTests;
			productName = FlixTests;
			productReference = 526A8E6C28CE851900FD36D3 /* FlixTests.xctest */;
			productType = "com.apple.product-type.bundle.unit-test";
		};
		526A8E7528CE851900FD36D3 /* FlixUITests */ = {
			isa = PBXNativeTarget;
			buildConfigurationList = 526A8E8628CE851900FD36D3 /* Build configuration list for PBXNativeTarget "FlixUITests" */;
			buildPhases = (
				05282960C59C2E77DD2E3CE4 /* [CP] Check Pods Manifest.lock */,
				526A8E7228CE851900FD36D3 /* Sources */,
				526A8E7328CE851900FD36D3 /* Frameworks */,
				526A8E7428CE851900FD36D3 /* Resources */,
				09AA79C7B942AF361506D68E /* [CP] Embed Pods Frameworks */,
			);
			buildRules = (
			);
			dependencies = (
				526A8E7828CE851900FD36D3 /* PBXTargetDependency */,
			);
			name = FlixUITests;
			productName = FlixUITests;
			productReference = 526A8E7628CE851900FD36D3 /* FlixUITests.xctest */;
			productType = "com.apple.product-type.bundle.ui-testing";
		};
/* End PBXNativeTarget section */

/* Begin PBXProject section */
		526A8E4E28CE851800FD36D3 /* Project object */ = {
			isa = PBXProject;
			attributes = {
				BuildIndependentTargetsInParallel = 1;
				LastSwiftUpdateCheck = 1340;
				LastUpgradeCheck = 1340;
				TargetAttributes = {
					526A8E5528CE851800FD36D3 = {
						CreatedOnToolsVersion = 13.4.1;
					};
					526A8E6B28CE851900FD36D3 = {
						CreatedOnToolsVersion = 13.4.1;
						TestTargetID = 526A8E5528CE851800FD36D3;
					};
					526A8E7528CE851900FD36D3 = {
						CreatedOnToolsVersion = 13.4.1;
						TestTargetID = 526A8E5528CE851800FD36D3;
					};
				};
			};
			buildConfigurationList = 526A8E5128CE851800FD36D3 /* Build configuration list for PBXProject "Flix" */;
			compatibilityVersion = "Xcode 13.0";
			developmentRegion = en;
			hasScannedForEncodings = 0;
			knownRegions = (
				en,
				Base,
			);
			mainGroup = 526A8E4D28CE851700FD36D3;
			productRefGroup = 526A8E5728CE851800FD36D3 /* Products */;
			projectDirPath = "";
			projectRoot = "";
			targets = (
				526A8E5528CE851800FD36D3 /* Flix */,
				526A8E6B28CE851900FD36D3 /* FlixTests */,
				526A8E7528CE851900FD36D3 /* FlixUITests */,
			);
		};
/* End PBXProject section */

/* Begin PBXResourcesBuildPhase section */
		526A8E5428CE851800FD36D3 /* Resources */ = {
			isa = PBXResourcesBuildPhase;
			buildActionMask = 2147483647;
			files = (
				526A8E6628CE851900FD36D3 /* LaunchScreen.storyboard in Resources */,
				526A8E6328CE851900FD36D3 /* Assets.xcassets in Resources */,
				526A8E6128CE851800FD36D3 /* Main.storyboard in Resources */,
			);
			runOnlyForDeploymentPostprocessing = 0;
		};
		526A8E6A28CE851900FD36D3 /* Resources */ = {
			isa = PBXResourcesBuildPhase;
			buildActionMask = 2147483647;
			files = (
			);
			runOnlyForDeploymentPostprocessing = 0;
		};
		526A8E7428CE851900FD36D3 /* Resources */ = {
			isa = PBXResourcesBuildPhase;
			buildActionMask = 2147483647;
			files = (
			);
			runOnlyForDeploymentPostprocessing = 0;
		};
/* End PBXResourcesBuildPhase section */

/* Begin PBXShellScriptBuildPhase section */
		05282960C59C2E77DD2E3CE4 /* [CP] Check Pods Manifest.lock */ = {
			isa = PBXShellScriptBuildPhase;
			buildActionMask = 2147483647;
			files = (
			);
			inputFileListPaths = (
			);
			inputPaths = (
				"${PODS_PODFILE_DIR_PATH}/Podfile.lock",
				"${PODS_ROOT}/Manifest.lock",
			);
			name = "[CP] Check Pods Manifest.lock";
			outputFileListPaths = (
			);
			outputPaths = (
				"$(DERIVED_FILE_DIR)/Pods-Flix-FlixUITests-checkManifestLockResult.txt",
			);
			runOnlyForDeploymentPostprocessing = 0;
			shellPath = /bin/sh;
			shellScript = "diff \"${PODS_PODFILE_DIR_PATH}/Podfile.lock\" \"${PODS_ROOT}/Manifest.lock\" > /dev/null\nif [ $? != 0 ] ; then\n    # print error to STDERR\n    echo \"error: The sandbox is not in sync with the Podfile.lock. Run 'pod install' or update your CocoaPods installation.\" >&2\n    exit 1\nfi\n# This output is used by Xcode 'outputs' to avoid re-running this script phase.\necho \"SUCCESS\" > \"${SCRIPT_OUTPUT_FILE_0}\"\n";
			showEnvVarsInLog = 0;
		};
		0930430C6ED8CFC81CE7AD91 /* [CP] Embed Pods Frameworks */ = {
			isa = PBXShellScriptBuildPhase;
			buildActionMask = 2147483647;
			files = (
			);
			inputFileListPaths = (
				"${PODS_ROOT}/Target Support Files/Pods-Flix/Pods-Flix-frameworks-${CONFIGURATION}-input-files.xcfilelist",
			);
			name = "[CP] Embed Pods Frameworks";
			outputFileListPaths = (
				"${PODS_ROOT}/Target Support Files/Pods-Flix/Pods-Flix-frameworks-${CONFIGURATION}-output-files.xcfilelist",
			);
			runOnlyForDeploymentPostprocessing = 0;
			shellPath = /bin/sh;
			shellScript = "\"${PODS_ROOT}/Target Support Files/Pods-Flix/Pods-Flix-frameworks.sh\"\n";
			showEnvVarsInLog = 0;
		};
		09AA79C7B942AF361506D68E /* [CP] Embed Pods Frameworks */ = {
			isa = PBXShellScriptBuildPhase;
			buildActionMask = 2147483647;
			files = (
			);
			inputFileListPaths = (
				"${PODS_ROOT}/Target Support Files/Pods-Flix-FlixUITests/Pods-Flix-FlixUITests-frameworks-${CONFIGURATION}-input-files.xcfilelist",
			);
			name = "[CP] Embed Pods Frameworks";
			outputFileListPaths = (
				"${PODS_ROOT}/Target Support Files/Pods-Flix-FlixUITests/Pods-Flix-FlixUITests-frameworks-${CONFIGURATION}-output-files.xcfilelist",
			);
			runOnlyForDeploymentPostprocessing = 0;
			shellPath = /bin/sh;
			shellScript = "\"${PODS_ROOT}/Target Support Files/Pods-Flix-FlixUITests/Pods-Flix-FlixUITests-frameworks.sh\"\n";
			showEnvVarsInLog = 0;
		};
		C49CBBF3CE7D45A1D53F54E6 /* [CP] Check Pods Manifest.lock */ = {
			isa = PBXShellScriptBuildPhase;
			buildActionMask = 2147483647;
			files = (
			);
			inputFileListPaths = (
			);
			inputPaths = (
				"${PODS_PODFILE_DIR_PATH}/Podfile.lock",
				"${PODS_ROOT}/Manifest.lock",
			);
			name = "[CP] Check Pods Manifest.lock";
			outputFileListPaths = (
			);
			outputPaths = (
				"$(DERIVED_FILE_DIR)/Pods-FlixTests-checkManifestLockResult.txt",
			);
			runOnlyForDeploymentPostprocessing = 0;
			shellPath = /bin/sh;
			shellScript = "diff \"${PODS_PODFILE_DIR_PATH}/Podfile.lock\" \"${PODS_ROOT}/Manifest.lock\" > /dev/null\nif [ $? != 0 ] ; then\n    # print error to STDERR\n    echo \"error: The sandbox is not in sync with the Podfile.lock. Run 'pod install' or update your CocoaPods installation.\" >&2\n    exit 1\nfi\n# This output is used by Xcode 'outputs' to avoid re-running this script phase.\necho \"SUCCESS\" > \"${SCRIPT_OUTPUT_FILE_0}\"\n";
			showEnvVarsInLog = 0;
		};
		EB5EE13BFE033B9525A2FE28 /* [CP] Check Pods Manifest.lock */ = {
			isa = PBXShellScriptBuildPhase;
			buildActionMask = 2147483647;
			files = (
			);
			inputFileListPaths = (
			);
			inputPaths = (
				"${PODS_PODFILE_DIR_PATH}/Podfile.lock",
				"${PODS_ROOT}/Manifest.lock",
			);
			name = "[CP] Check Pods Manifest.lock";
			outputFileListPaths = (
			);
			outputPaths = (
				"$(DERIVED_FILE_DIR)/Pods-Flix-checkManifestLockResult.txt",
			);
			runOnlyForDeploymentPostprocessing = 0;
			shellPath = /bin/sh;
			shellScript = "diff \"${PODS_PODFILE_DIR_PATH}/Podfile.lock\" \"${PODS_ROOT}/Manifest.lock\" > /dev/null\nif [ $? != 0 ] ; then\n    # print error to STDERR\n    echo \"error: The sandbox is not in sync with the Podfile.lock. Run 'pod install' or update your CocoaPods installation.\" >&2\n    exit 1\nfi\n# This output is used by Xcode 'outputs' to avoid re-running this script phase.\necho \"SUCCESS\" > \"${SCRIPT_OUTPUT_FILE_0}\"\n";
			showEnvVarsInLog = 0;
		};
/* End PBXShellScriptBuildPhase section */

/* Begin PBXSourcesBuildPhase section */
		526A8E5228CE851800FD36D3 /* Sources */ = {
			isa = PBXSourcesBuildPhase;
			buildActionMask = 2147483647;
			files = (
				52D7DBC928D75B5400EA3B7F /* Movie.swift in Sources */,
				520CB25228CED0C9009FEE3E /* MovieTableViewCell.swift in Sources */,
				526A8E5E28CE851800FD36D3 /* ViewController.swift in Sources */,
				52D7DBC628D74A2A00EA3B7F /* MovieDetailsViewController.swift in Sources */,
				526A8E5A28CE851800FD36D3 /* AppDelegate.swift in Sources */,
				52D7DBCB28DAAFFF00EA3B7F /* MovieGridViewController.swift in Sources */,
				526A8E8D28CEB99E00FD36D3 /* API.swift in Sources */,
				52D7DBD528DE91DE00EA3B7F /* MovieTrailerViewController.swift in Sources */,
				52D7DBCD28DAB6AA00EA3B7F /* MovieGridCell.swift in Sources */,
				52D7DBCF28DC00C700EA3B7F /* MovieGridDetailViewController.swift in Sources */,
				526A8E5C28CE851800FD36D3 /* SceneDelegate.swift in Sources */,
			);
			runOnlyForDeploymentPostprocessing = 0;
		};
		526A8E6828CE851900FD36D3 /* Sources */ = {
			isa = PBXSourcesBuildPhase;
			buildActionMask = 2147483647;
			files = (
				526A8E7128CE851900FD36D3 /* FlixTests.swift in Sources */,
			);
			runOnlyForDeploymentPostprocessing = 0;
		};
		526A8E7228CE851900FD36D3 /* Sources */ = {
			isa = PBXSourcesBuildPhase;
			buildActionMask = 2147483647;
			files = (
				526A8E7B28CE851900FD36D3 /* FlixUITests.swift in Sources */,
				526A8E7D28CE851900FD36D3 /* FlixUITestsLaunchTests.swift in Sources */,
			);
			runOnlyForDeploymentPostprocessing = 0;
		};
/* End PBXSourcesBuildPhase section */

/* Begin PBXTargetDependency section */
		526A8E6E28CE851900FD36D3 /* PBXTargetDependency */ = {
			isa = PBXTargetDependency;
			target = 526A8E5528CE851800FD36D3 /* Flix */;
			targetProxy = 526A8E6D28CE851900FD36D3 /* PBXContainerItemProxy */;
		};
		526A8E7828CE851900FD36D3 /* PBXTargetDependency */ = {
			isa = PBXTargetDependency;
			target = 526A8E5528CE851800FD36D3 /* Flix */;
			targetProxy = 526A8E7728CE851900FD36D3 /* PBXContainerItemProxy */;
		};
/* End PBXTargetDependency section */

/* Begin PBXVariantGroup section */
		526A8E5F28CE851800FD36D3 /* Main.storyboard */ = {
			isa = PBXVariantGroup;
			children = (
				526A8E6028CE851800FD36D3 /* Base */,
			);
			name = Main.storyboard;
			sourceTree = "<group>";
		};
		526A8E6428CE851900FD36D3 /* LaunchScreen.storyboard */ = {
			isa = PBXVariantGroup;
			children = (
				526A8E6528CE851900FD36D3 /* Base */,
			);
			name = LaunchScreen.storyboard;
			sourceTree = "<group>";
		};
/* End PBXVariantGroup section */

/* Begin XCBuildConfiguration section */
		526A8E7E28CE851900FD36D3 /* Debug */ = {
			isa = XCBuildConfiguration;
			buildSettings = {
				ALWAYS_SEARCH_USER_PATHS = NO;
				CLANG_ANALYZER_NONNULL = YES;
				CLANG_ANALYZER_NUMBER_OBJECT_CONVERSION = YES_AGGRESSIVE;
				CLANG_CXX_LANGUAGE_STANDARD = "gnu++17";
				CLANG_ENABLE_MODULES = YES;
				CLANG_ENABLE_OBJC_ARC = YES;
				CLANG_ENABLE_OBJC_WEAK = YES;
				CLANG_WARN_BLOCK_CAPTURE_AUTORELEASING = YES;
				CLANG_WARN_BOOL_CONVERSION = YES;
				CLANG_WARN_COMMA = YES;
				CLANG_WARN_CONSTANT_CONVERSION = YES;
				CLANG_WARN_DEPRECATED_OBJC_IMPLEMENTATIONS = YES;
				CLANG_WARN_DIRECT_OBJC_ISA_USAGE = YES_ERROR;
				CLANG_WARN_DOCUMENTATION_COMMENTS = YES;
				CLANG_WARN_EMPTY_BODY = YES;
				CLANG_WARN_ENUM_CONVERSION = YES;
				CLANG_WARN_INFINITE_RECURSION = YES;
				CLANG_WARN_INT_CONVERSION = YES;
				CLANG_WARN_NON_LITERAL_NULL_CONVERSION = YES;
				CLANG_WARN_OBJC_IMPLICIT_RETAIN_SELF = YES;
				CLANG_WARN_OBJC_LITERAL_CONVERSION = YES;
				CLANG_WARN_OBJC_ROOT_CLASS = YES_ERROR;
				CLANG_WARN_QUOTED_INCLUDE_IN_FRAMEWORK_HEADER = YES;
				CLANG_WARN_RANGE_LOOP_ANALYSIS = YES;
				CLANG_WARN_STRICT_PROTOTYPES = YES;
				CLANG_WARN_SUSPICIOUS_MOVE = YES;
				CLANG_WARN_UNGUARDED_AVAILABILITY = YES_AGGRESSIVE;
				CLANG_WARN_UNREACHABLE_CODE = YES;
				CLANG_WARN__DUPLICATE_METHOD_MATCH = YES;
				COPY_PHASE_STRIP = NO;
				DEBUG_INFORMATION_FORMAT = dwarf;
				ENABLE_STRICT_OBJC_MSGSEND = YES;
				ENABLE_TESTABILITY = YES;
				GCC_C_LANGUAGE_STANDARD = gnu11;
				GCC_DYNAMIC_NO_PIC = NO;
				GCC_NO_COMMON_BLOCKS = YES;
				GCC_OPTIMIZATION_LEVEL = 0;
				GCC_PREPROCESSOR_DEFINITIONS = (
					"DEBUG=1",
					"$(inherited)",
				);
				GCC_WARN_64_TO_32_BIT_CONVERSION = YES;
				GCC_WARN_ABOUT_RETURN_TYPE = YES_ERROR;
				GCC_WARN_UNDECLARED_SELECTOR = YES;
				GCC_WARN_UNINITIALIZED_AUTOS = YES_AGGRESSIVE;
				GCC_WARN_UNUSED_FUNCTION = YES;
				GCC_WARN_UNUSED_VARIABLE = YES;
				IPHONEOS_DEPLOYMENT_TARGET = 15.5;
				MTL_ENABLE_DEBUG_INFO = INCLUDE_SOURCE;
				MTL_FAST_MATH = YES;
				ONLY_ACTIVE_ARCH = YES;
				SDKROOT = iphoneos;
				SWIFT_ACTIVE_COMPILATION_CONDITIONS = DEBUG;
				SWIFT_OPTIMIZATION_LEVEL = "-Onone";
			};
			name = Debug;
		};
		526A8E7F28CE851900FD36D3 /* Release */ = {
			isa = XCBuildConfiguration;
			buildSettings = {
				ALWAYS_SEARCH_USER_PATHS = NO;
				CLANG_ANALYZER_NONNULL = YES;
				CLANG_ANALYZER_NUMBER_OBJECT_CONVERSION = YES_AGGRESSIVE;
				CLANG_CXX_LANGUAGE_STANDARD = "gnu++17";
				CLANG_ENABLE_MODULES = YES;
				CLANG_ENABLE_OBJC_ARC = YES;
				CLANG_ENABLE_OBJC_WEAK = YES;
				CLANG_WARN_BLOCK_CAPTURE_AUTORELEASING = YES;
				CLANG_WARN_BOOL_CONVERSION = YES;
				CLANG_WARN_COMMA = YES;
				CLANG_WARN_CONSTANT_CONVERSION = YES;
				CLANG_WARN_DEPRECATED_OBJC_IMPLEMENTATIONS = YES;
				CLANG_WARN_DIRECT_OBJC_ISA_USAGE = YES_ERROR;
				CLANG_WARN_DOCUMENTATION_COMMENTS = YES;
				CLANG_WARN_EMPTY_BODY = YES;
				CLANG_WARN_ENUM_CONVERSION = YES;
				CLANG_WARN_INFINITE_RECURSION = YES;
				CLANG_WARN_INT_CONVERSION = YES;
				CLANG_WARN_NON_LITERAL_NULL_CONVERSION = YES;
				CLANG_WARN_OBJC_IMPLICIT_RETAIN_SELF = YES;
				CLANG_WARN_OBJC_LITERAL_CONVERSION = YES;
				CLANG_WARN_OBJC_ROOT_CLASS = YES_ERROR;
				CLANG_WARN_QUOTED_INCLUDE_IN_FRAMEWORK_HEADER = YES;
				CLANG_WARN_RANGE_LOOP_ANALYSIS = YES;
				CLANG_WARN_STRICT_PROTOTYPES = YES;
				CLANG_WARN_SUSPICIOUS_MOVE = YES;
				CLANG_WARN_UNGUARDED_AVAILABILITY = YES_AGGRESSIVE;
				CLANG_WARN_UNREACHABLE_CODE = YES;
				CLANG_WARN__DUPLICATE_METHOD_MATCH = YES;
				COPY_PHASE_STRIP = NO;
				DEBUG_INFORMATION_FORMAT = "dwarf-with-dsym";
				ENABLE_NS_ASSERTIONS = NO;
				ENABLE_STRICT_OBJC_MSGSEND = YES;
				GCC_C_LANGUAGE_STANDARD = gnu11;
				GCC_NO_COMMON_BLOCKS = YES;
				GCC_WARN_64_TO_32_BIT_CONVERSION = YES;
				GCC_WARN_ABOUT_RETURN_TYPE = YES_ERROR;
				GCC_WARN_UNDECLARED_SELECTOR = YES;
				GCC_WARN_UNINITIALIZED_AUTOS = YES_AGGRESSIVE;
				GCC_WARN_UNUSED_FUNCTION = YES;
				GCC_WARN_UNUSED_VARIABLE = YES;
				IPHONEOS_DEPLOYMENT_TARGET = 15.5;
				MTL_ENABLE_DEBUG_INFO = NO;
				MTL_FAST_MATH = YES;
				SDKROOT = iphoneos;
				SWIFT_COMPILATION_MODE = wholemodule;
				SWIFT_OPTIMIZATION_LEVEL = "-O";
				VALIDATE_PRODUCT = YES;
			};
			name = Release;
		};
		526A8E8128CE851900FD36D3 /* Debug */ = {
			isa = XCBuildConfiguration;
			baseConfigurationReference = 9549570A8063B0A6F7117717 /* Pods-Flix.debug.xcconfig */;
			buildSettings = {
				ASSETCATALOG_COMPILER_APPICON_NAME = AppIcon;
				ASSETCATALOG_COMPILER_GLOBAL_ACCENT_COLOR_NAME = AccentColor;
				CODE_SIGN_STYLE = Automatic;
				CURRENT_PROJECT_VERSION = 1;
				DEVELOPMENT_TEAM = 8T742VG7ZG;
				GENERATE_INFOPLIST_FILE = YES;
				INFOPLIST_FILE = Flix/Info.plist;
				INFOPLIST_KEY_UIApplicationSupportsIndirectInputEvents = YES;
				INFOPLIST_KEY_UILaunchStoryboardName = LaunchScreen;
				INFOPLIST_KEY_UIMainStoryboardFile = Main;
				INFOPLIST_KEY_UISupportedInterfaceOrientations_iPad = "UIInterfaceOrientationPortrait UIInterfaceOrientationPortraitUpsideDown UIInterfaceOrientationLandscapeLeft UIInterfaceOrientationLandscapeRight";
				INFOPLIST_KEY_UISupportedInterfaceOrientations_iPhone = "UIInterfaceOrientationPortrait UIInterfaceOrientationLandscapeLeft UIInterfaceOrientationLandscapeRight";
				LD_RUNPATH_SEARCH_PATHS = (
					"$(inherited)",
					"@executable_path/Frameworks",
				);
				MARKETING_VERSION = 1.0;
				PRODUCT_BUNDLE_IDENTIFIER = com.ttdo19.Flix;
				PRODUCT_NAME = "$(TARGET_NAME)";
				SWIFT_EMIT_LOC_STRINGS = YES;
				SWIFT_VERSION = 5.0;
				TARGETED_DEVICE_FAMILY = "1,2";
			};
			name = Debug;
		};
		526A8E8228CE851900FD36D3 /* Release */ = {
			isa = XCBuildConfiguration;
			baseConfigurationReference = 10784195ECF076E4DB5220F9 /* Pods-Flix.release.xcconfig */;
			buildSettings = {
				ASSETCATALOG_COMPILER_APPICON_NAME = AppIcon;
				ASSETCATALOG_COMPILER_GLOBAL_ACCENT_COLOR_NAME = AccentColor;
				CODE_SIGN_STYLE = Automatic;
				CURRENT_PROJECT_VERSION = 1;
				DEVELOPMENT_TEAM = 8T742VG7ZG;
				GENERATE_INFOPLIST_FILE = YES;
				INFOPLIST_FILE = Flix/Info.plist;
				INFOPLIST_KEY_UIApplicationSupportsIndirectInputEvents = YES;
				INFOPLIST_KEY_UILaunchStoryboardName = LaunchScreen;
				INFOPLIST_KEY_UIMainStoryboardFile = Main;
				INFOPLIST_KEY_UISupportedInterfaceOrientations_iPad = "UIInterfaceOrientationPortrait UIInterfaceOrientationPortraitUpsideDown UIInterfaceOrientationLandscapeLeft UIInterfaceOrientationLandscapeRight";
				INFOPLIST_KEY_UISupportedInterfaceOrientations_iPhone = "UIInterfaceOrientationPortrait UIInterfaceOrientationLandscapeLeft UIInterfaceOrientationLandscapeRight";
				LD_RUNPATH_SEARCH_PATHS = (
					"$(inherited)",
					"@executable_path/Frameworks",
				);
				MARKETING_VERSION = 1.0;
				PRODUCT_BUNDLE_IDENTIFIER = com.ttdo19.Flix;
				PRODUCT_NAME = "$(TARGET_NAME)";
				SWIFT_EMIT_LOC_STRINGS = YES;
				SWIFT_VERSION = 5.0;
				TARGETED_DEVICE_FAMILY = "1,2";
			};
			name = Release;
		};
		526A8E8428CE851900FD36D3 /* Debug */ = {
			isa = XCBuildConfiguration;
			baseConfigurationReference = C223B9F2A10A906989E55672 /* Pods-FlixTests.debug.xcconfig */;
			buildSettings = {
				ALWAYS_EMBED_SWIFT_STANDARD_LIBRARIES = YES;
				BUNDLE_LOADER = "$(TEST_HOST)";
				CODE_SIGN_STYLE = Automatic;
				CURRENT_PROJECT_VERSION = 1;
				DEVELOPMENT_TEAM = 8T742VG7ZG;
				GENERATE_INFOPLIST_FILE = YES;
				IPHONEOS_DEPLOYMENT_TARGET = 15.5;
				MARKETING_VERSION = 1.0;
				PRODUCT_BUNDLE_IDENTIFIER = com.ttdo19.FlixTests;
				PRODUCT_NAME = "$(TARGET_NAME)";
				SWIFT_EMIT_LOC_STRINGS = NO;
				SWIFT_VERSION = 5.0;
				TARGETED_DEVICE_FAMILY = "1,2";
				TEST_HOST = "$(BUILT_PRODUCTS_DIR)/Flix.app/Flix";
			};
			name = Debug;
		};
		526A8E8528CE851900FD36D3 /* Release */ = {
			isa = XCBuildConfiguration;
			baseConfigurationReference = E6F723CEAE44712940289F4B /* Pods-FlixTests.release.xcconfig */;
			buildSettings = {
				ALWAYS_EMBED_SWIFT_STANDARD_LIBRARIES = YES;
				BUNDLE_LOADER = "$(TEST_HOST)";
				CODE_SIGN_STYLE = Automatic;
				CURRENT_PROJECT_VERSION = 1;
				DEVELOPMENT_TEAM = 8T742VG7ZG;
				GENERATE_INFOPLIST_FILE = YES;
				IPHONEOS_DEPLOYMENT_TARGET = 15.5;
				MARKETING_VERSION = 1.0;
				PRODUCT_BUNDLE_IDENTIFIER = com.ttdo19.FlixTests;
				PRODUCT_NAME = "$(TARGET_NAME)";
				SWIFT_EMIT_LOC_STRINGS = NO;
				SWIFT_VERSION = 5.0;
				TARGETED_DEVICE_FAMILY = "1,2";
				TEST_HOST = "$(BUILT_PRODUCTS_DIR)/Flix.app/Flix";
			};
			name = Release;
		};
		526A8E8728CE851900FD36D3 /* Debug */ = {
			isa = XCBuildConfiguration;
			baseConfigurationReference = 897DF85264394EABF57F0F32 /* Pods-Flix-FlixUITests.debug.xcconfig */;
			buildSettings = {
				ALWAYS_EMBED_SWIFT_STANDARD_LIBRARIES = YES;
				CODE_SIGN_STYLE = Automatic;
				CURRENT_PROJECT_VERSION = 1;
				DEVELOPMENT_TEAM = 8T742VG7ZG;
				GENERATE_INFOPLIST_FILE = YES;
				MARKETING_VERSION = 1.0;
				PRODUCT_BUNDLE_IDENTIFIER = com.ttdo19.FlixUITests;
				PRODUCT_NAME = "$(TARGET_NAME)";
				SWIFT_EMIT_LOC_STRINGS = NO;
				SWIFT_VERSION = 5.0;
				TARGETED_DEVICE_FAMILY = "1,2";
				TEST_TARGET_NAME = Flix;
			};
			name = Debug;
		};
		526A8E8828CE851900FD36D3 /* Release */ = {
			isa = XCBuildConfiguration;
			baseConfigurationReference = 0F803592662A5E2020B13BB8 /* Pods-Flix-FlixUITests.release.xcconfig */;
			buildSettings = {
				ALWAYS_EMBED_SWIFT_STANDARD_LIBRARIES = YES;
				CODE_SIGN_STYLE = Automatic;
				CURRENT_PROJECT_VERSION = 1;
				DEVELOPMENT_TEAM = 8T742VG7ZG;
				GENERATE_INFOPLIST_FILE = YES;
				MARKETING_VERSION = 1.0;
				PRODUCT_BUNDLE_IDENTIFIER = com.ttdo19.FlixUITests;
				PRODUCT_NAME = "$(TARGET_NAME)";
				SWIFT_EMIT_LOC_STRINGS = NO;
				SWIFT_VERSION = 5.0;
				TARGETED_DEVICE_FAMILY = "1,2";
				TEST_TARGET_NAME = Flix;
			};
			name = Release;
		};
/* End XCBuildConfiguration section */

/* Begin XCConfigurationList section */
		526A8E5128CE851800FD36D3 /* Build configuration list for PBXProject "Flix" */ = {
			isa = XCConfigurationList;
			buildConfigurations = (
				526A8E7E28CE851900FD36D3 /* Debug */,
				526A8E7F28CE851900FD36D3 /* Release */,
			);
			defaultConfigurationIsVisible = 0;
			defaultConfigurationName = Release;
		};
		526A8E8028CE851900FD36D3 /* Build configuration list for PBXNativeTarget "Flix" */ = {
			isa = XCConfigurationList;
			buildConfigurations = (
				526A8E8128CE851900FD36D3 /* Debug */,
				526A8E8228CE851900FD36D3 /* Release */,
			);
			defaultConfigurationIsVisible = 0;
			defaultConfigurationName = Release;
		};
		526A8E8328CE851900FD36D3 /* Build configuration list for PBXNativeTarget "FlixTests" */ = {
			isa = XCConfigurationList;
			buildConfigurations = (
				526A8E8428CE851900FD36D3 /* Debug */,
				526A8E8528CE851900FD36D3 /* Release */,
			);
			defaultConfigurationIsVisible = 0;
			defaultConfigurationName = Release;
		};
		526A8E8628CE851900FD36D3 /* Build configuration list for PBXNativeTarget "FlixUITests" */ = {
			isa = XCConfigurationList;
			buildConfigurations = (
				526A8E8728CE851900FD36D3 /* Debug */,
				526A8E8828CE851900FD36D3 /* Release */,
			);
			defaultConfigurationIsVisible = 0;
			defaultConfigurationName = Release;
		};
/* End XCConfigurationList section */
	};
	rootObject = 526A8E4E28CE851800FD36D3 /* Project object */;
}
